
Microsoft Visual Studio Solution File, Format Version 12.00
# Visual Studio 14
VisualStudioVersion = 14.0.23107.0
MinimumVisualStudioVersion = 10.0.40219.1
Project("{159641D6-6404-4A2A-AE62-294DE0FE8301}") = "ETL_old", "ETL\ETL_old.dtproj", "{15CE6688-07A3-430B-AD55-AD5FE90957CA}"
EndProject
Project("{159641D6-6404-4A2A-AE62-294DE0FE8301}") = "Deployment", "Deployment\Deployment.dtproj", "{D7CCEC5B-2AC2-44EC-B957-93CEE15D957A}"
EndProject
Project("{159641D6-6404-4A2A-AE62-294DE0FE8301}") = "ETL", "Test\ETL.dtproj", "{EBF21D9E-D8D0-4155-9453-F051174B1C61}"
EndProject
Global
	GlobalSection(SolutionConfigurationPlatforms) = preSolution
		Development|Default = Development|Default
	EndGlobalSection
	GlobalSection(ProjectConfigurationPlatforms) = postSolution
		{15CE6688-07A3-430B-AD55-AD5FE90957CA}.Development|Default.ActiveCfg = Development
		{15CE6688-07A3-430B-AD55-AD5FE90957CA}.Development|Default.Build.0 = Development
		{D7CCEC5B-2AC2-44EC-B957-93CEE15D957A}.Development|Default.ActiveCfg = Development
		{D7CCEC5B-2AC2-44EC-B957-93CEE15D957A}.Development|Default.Build.0 = Development
		{EBF21D9E-D8D0-4155-9453-F051174B1C61}.Development|Default.ActiveCfg = Development
		{EBF21D9E-D8D0-4155-9453-F051174B1C61}.Development|Default.Build.0 = Development
	EndGlobalSection
	GlobalSection(SolutionProperties) = preSolution
		HideSolutionNode = FALSE
	EndGlobalSection
EndGlobal
